
Microsoft Visual Studio Solution File, Format Version 12.00
# Visual Studio Version 16
VisualStudioVersion = 16.0.31729.503
MinimumVisualStudioVersion = 10.0.40219.1
Project("{FAE04EC0-301F-11D3-BF4B-00C04F79EFBC}") = "Занятие 17.1", "Занятие 17.1\Занятие 17.1.csproj", "{03A65402-3E5C-4FF4-A533-FA6DCE5C4A12}"
EndProject
Global
	GlobalSection(SolutionConfigurationPlatforms) = preSolution
		Debug|Any CPU = Debug|Any CPU
		Release|Any CPU = Release|Any CPU
	EndGlobalSection
	GlobalSection(ProjectConfigurationPlatforms) = postSolution
		{03A65402-3E5C-4FF4-A533-FA6DCE5C4A12}.Debug|Any CPU.ActiveCfg = Debug|Any CPU
		{03A65402-3E5C-4FF4-A533-FA6DCE5C4A12}.Debug|Any CPU.Build.0 = Debug|Any CPU
		{03A65402-3E5C-4FF4-A533-FA6DCE5C4A12}.Release|Any CPU.ActiveCfg = Release|Any CPU
		{03A65402-3E5C-4FF4-A533-FA6DCE5C4A12}.Release|Any CPU.Build.0 = Release|Any CPU
	EndGlobalSection
	GlobalSection(SolutionProperties) = preSolution
		HideSolutionNode = FALSE
	EndGlobalSection
	GlobalSection(ExtensibilityGlobals) = postSolution
		SolutionGuid = {D221BA1C-0714-46A3-B15A-DA4531330B34}
	EndGlobalSection
EndGlobal
